{
  "name": "@alphaapps/nestjs-config",
  "version": "1.0.10",
  "lockfileVersion": 1,
  "requires": true,
  "dependencies": {
    "@types/hapi__joi": {
      "version": "16.0.4",
      "resolved": "https://registry.npmjs.org/@types/hapi__joi/-/hapi__joi-16.0.4.tgz",
      "integrity": "sha512-wyZP3JUZNra0Mn6jlYkGorouWJ00K0r0Qys5j8Ycp0ssF267NMfpQNgHWAcV14xXSuChF7H68CPuqJO15YuHyQ==",
      "dev": true
    }
  }
}
