{
	"name": "@alphaapps/nest-db",
	"version": "0.0.1",
	"lockfileVersion": 1,
	"requires": true,
	"dependencies": {
		"accesscontrol": {
			"version": "2.2.1",
			"resolved": "https://registry.npmjs.org/accesscontrol/-/accesscontrol-2.2.1.tgz",
			"integrity": "sha512-52EvFk/J9EF+w4mYQoKnOTkEMj01R1U5n2fc1dai6x1xkgOks3DGkx01qQL2cKFxGmE4Tn1krAU3jJA9L1NMkg==",
			"requires": {
				"notation": "^1.3.6"
			}
		},
		"debug": {
			"version": "3.1.0",
			"resolved": "https://registry.npmjs.org/debug/-/debug-3.1.0.tgz",
			"integrity": "sha512-OX8XqP7/1a9cqkxYw2yXss15f26NKWBpDXQd0/uK/KPqdQhxbPa994hnzjcE2VqQpDslf55723cKPUOGSmMY3g==",
			"requires": {
				"ms": "2.0.0"
			}
		},
		"lodash": {
			"version": "4.17.15",
			"resolved": "https://registry.npmjs.org/lodash/-/lodash-4.17.15.tgz",
			"integrity": "sha512-8xOcRHvCjnocdS5cpwXQXVzmmh5e5+saE2QGoeQmbKmRS6J3VQppPOIt0MnmE+4xlZoumy0GPG0D0MVIQbNA1A=="
		},
		"ms": {
			"version": "2.0.0",
			"resolved": "https://registry.npmjs.org/ms/-/ms-2.0.0.tgz",
			"integrity": "sha1-VgiurfwAvmwpAd9fmGF4jeDVl8g="
		},
		"nest-access-control": {
			"version": "2.0.1",
			"resolved": "https://registry.npmjs.org/nest-access-control/-/nest-access-control-2.0.1.tgz",
			"integrity": "sha512-Kr+uKFxCFkVspaB1KrVWUDOW44mrEP+Hd45qZ+zceXMqhgpaoSOEHg4QJZmqa8BG1gZResEnmyOF3Vb1FDbmOQ==",
			"requires": {
				"accesscontrol": "^2.2.1"
			}
		},
		"notation": {
			"version": "1.3.6",
			"resolved": "https://registry.npmjs.org/notation/-/notation-1.3.6.tgz",
			"integrity": "sha512-DIuJmrP/Gg1DcXKaApsqcjsJD6jEccqKSfmU3BUx/f1GHsMiTJh70cERwYc64tOmTRTARCeMwkqNNzjh3AHhiw=="
		}
	}
}
